# THIS IS AN AUTOGENERATED FILE. DO NOT EDIT THIS FILE DIRECTLY.
# yarn lockfile v1


"@playwright/test@^1.52.0":
  version "1.53.1"
  resolved "https://registry.npmjs.org/@playwright/test/-/test-1.53.1.tgz"
  integrity sha512-Z4c23LHV0muZ8hfv4jw6HngPJkbbtZxTkxPNIg7cJcTc9C28N/p2q7g3JZS2SiKBBHJ3uM1dgDye66bB7LEk5w==
  dependencies:
    playwright "1.53.1"

"@types/node@^22.15.17":
  version "22.15.33"
  resolved "https://registry.npmjs.org/@types/node/-/node-22.15.33.tgz"
  integrity sha512-wzoocdnnpSxZ+6CjW4ADCK1jVmd1S/J3ArNWfn8FDDQtRm8dkDg7TA+mvek2wNrfCgwuZxqEOiB9B1XCJ6+dbw==
  dependencies:
    undici-types "~6.21.0"

dotenv@^16.5.0:
  version "16.5.0"
  resolved "https://registry.npmjs.org/dotenv/-/dotenv-16.5.0.tgz"
  integrity sha512-m/C+AwOAr9/W1UOIZUo232ejMNnJAJtYQjUbHoNTBNTJSvqzzDh7vnrei3o3r3m9blf6ZoDkvcw0VmozNRFJxg==

playwright-core@1.53.1:
  version "1.53.1"
  resolved "https://registry.npmjs.org/playwright-core/-/playwright-core-1.53.1.tgz"
  integrity sha512-Z46Oq7tLAyT0lGoFx4DOuB1IA9D1TPj0QkYxpPVUnGDqHHvDpCftu1J2hM2PiWsNMoZh8+LQaarAWcDfPBc6zg==

playwright@1.53.1:
  version "1.53.1"
  resolved "https://registry.npmjs.org/playwright/-/playwright-1.53.1.tgz"
  integrity sha512-LJ13YLr/ocweuwxyGf1XNFWIU4M2zUSo149Qbp+A4cpwDjsxRPj7k6H25LBrEHiEwxvRbD8HdwvQmRMSvquhYw==
  dependencies:
    playwright-core "1.53.1"
  optionalDependencies:
    fsevents "2.3.2"

undici-types@~6.21.0:
  version "6.21.0"
  resolved "https://registry.npmjs.org/undici-types/-/undici-types-6.21.0.tgz"
  integrity sha512-iwDZqg0QAGrg9Rav5H4n0M64c3mkR59cJ6wQp+7C4nI0gsmExaedaYLNO44eT4AtBBwjbTiGPMlt2Md0T9H9JQ==
